
Microsoft Visual Studio Solution File, Format Version 12.00
# Visual Studio Version 17
VisualStudioVersion = 17.10.35013.160
MinimumVisualStudioVersion = 10.0.40219.1
Project("{FAE04EC0-301F-11D3-BF4B-00C04F79EFBC}") = "RadingDate", "RadingDate\RadingDate.csproj", "{BFC5E77C-79EF-4FCF-B65C-13E8C11854AF}"
EndProject
Global
	GlobalSection(SolutionConfigurationPlatforms) = preSolution
		Debug|Any CPU = Debug|Any CPU
		Release|Any CPU = Release|Any CPU
	EndGlobalSection
	GlobalSection(ProjectConfigurationPlatforms) = postSolution
		{BFC5E77C-79EF-4FCF-B65C-13E8C11854AF}.Debug|Any CPU.ActiveCfg = Debug|Any CPU
		{BFC5E77C-79EF-4FCF-B65C-13E8C11854AF}.Debug|Any CPU.Build.0 = Debug|Any CPU
		{BFC5E77C-79EF-4FCF-B65C-13E8C11854AF}.Release|Any CPU.ActiveCfg = Release|Any CPU
		{BFC5E77C-79EF-4FCF-B65C-13E8C11854AF}.Release|Any CPU.Build.0 = Release|Any CPU
	EndGlobalSection
	GlobalSection(SolutionProperties) = preSolution
		HideSolutionNode = FALSE
	EndGlobalSection
	GlobalSection(ExtensibilityGlobals) = postSolution
		SolutionGuid = {D3842987-A4E5-4A7B-948B-6FEA4102B168}
	EndGlobalSection
EndGlobal
